
Microsoft Visual Studio Solution File, Format Version 12.00
# Visual Studio Version 17
VisualStudioVersion = 17.10.34928.147
MinimumVisualStudioVersion = 10.0.40219.1
Project("{FAE04EC0-301F-11D3-BF4B-00C04F79EFBC}") = "DetachedModeExample_App", "DetachedModeExample_App\DetachedModeExample_App.csproj", "{50B7C5E4-FC88-4EEA-A5F7-F22118AC56B9}"
EndProject
Global
	GlobalSection(SolutionConfigurationPlatforms) = preSolution
		Debug|Any CPU = Debug|Any CPU
		Release|Any CPU = Release|Any CPU
	EndGlobalSection
	GlobalSection(ProjectConfigurationPlatforms) = postSolution
		{50B7C5E4-FC88-4EEA-A5F7-F22118AC56B9}.Debug|Any CPU.ActiveCfg = Debug|Any CPU
		{50B7C5E4-FC88-4EEA-A5F7-F22118AC56B9}.Debug|Any CPU.Build.0 = Debug|Any CPU
		{50B7C5E4-FC88-4EEA-A5F7-F22118AC56B9}.Release|Any CPU.ActiveCfg = Release|Any CPU
		{50B7C5E4-FC88-4EEA-A5F7-F22118AC56B9}.Release|Any CPU.Build.0 = Release|Any CPU
	EndGlobalSection
	GlobalSection(SolutionProperties) = preSolution
		HideSolutionNode = FALSE
	EndGlobalSection
	GlobalSection(ExtensibilityGlobals) = postSolution
		SolutionGuid = {7998D1B3-D06F-4463-8C39-EAE091AD0BFC}
	EndGlobalSection
EndGlobal
